
Microsoft Visual Studio Solution File, Format Version 12.00
# Visual Studio 15
VisualStudioVersion = 15.0.28010.2016
MinimumVisualStudioVersion = 10.0.40219.1
Project("{FAE04EC0-301F-11D3-BF4B-00C04F79EFBC}") = "FileManagerTest", "FileManagerTest\FileManagerTest.csproj", "{45884EA3-1B4E-42B4-80A0-FB7735264DBC}"
EndProject
Global
	GlobalSection(SolutionConfigurationPlatforms) = preSolution
		Debug|Any CPU = Debug|Any CPU
		Release|Any CPU = Release|Any CPU
	EndGlobalSection
	GlobalSection(ProjectConfigurationPlatforms) = postSolution
		{45884EA3-1B4E-42B4-80A0-FB7735264DBC}.Debug|Any CPU.ActiveCfg = Debug|Any CPU
		{45884EA3-1B4E-42B4-80A0-FB7735264DBC}.Debug|Any CPU.Build.0 = Debug|Any CPU
		{45884EA3-1B4E-42B4-80A0-FB7735264DBC}.Release|Any CPU.ActiveCfg = Release|Any CPU
		{45884EA3-1B4E-42B4-80A0-FB7735264DBC}.Release|Any CPU.Build.0 = Release|Any CPU
	EndGlobalSection
	GlobalSection(SolutionProperties) = preSolution
		HideSolutionNode = FALSE
	EndGlobalSection
	GlobalSection(ExtensibilityGlobals) = postSolution
		SolutionGuid = {834CBDAA-1CB1-4727-ABD3-FF058BC22703}
	EndGlobalSection
EndGlobal
